
Microsoft Visual Studio Solution File, Format Version 12.00
# Visual Studio Version 16
VisualStudioVersion = 16.0.31112.23
MinimumVisualStudioVersion = 10.0.40219.1
Project("{9A19103F-16F7-4668-BE54-9A1E7A4F7556}") = "PeerIslandAssignment", "PeerIslandAssignment\PeerIslandAssignment.csproj", "{C2764C76-6F20-4877-B5E9-73365BEA6324}"
EndProject
Project("{FAE04EC0-301F-11D3-BF4B-00C04F79EFBC}") = "PeerIslandAssignmentTests", "PeerIslandAssignmentTests\PeerIslandAssignmentTests.csproj", "{385DA8F2-1D91-446F-973F-52A938377E53}"
EndProject
Global
	GlobalSection(SolutionConfigurationPlatforms) = preSolution
		Debug|Any CPU = Debug|Any CPU
		Release|Any CPU = Release|Any CPU
	EndGlobalSection
	GlobalSection(ProjectConfigurationPlatforms) = postSolution
		{C2764C76-6F20-4877-B5E9-73365BEA6324}.Debug|Any CPU.ActiveCfg = Debug|Any CPU
		{C2764C76-6F20-4877-B5E9-73365BEA6324}.Debug|Any CPU.Build.0 = Debug|Any CPU
		{C2764C76-6F20-4877-B5E9-73365BEA6324}.Release|Any CPU.ActiveCfg = Release|Any CPU
		{C2764C76-6F20-4877-B5E9-73365BEA6324}.Release|Any CPU.Build.0 = Release|Any CPU
		{385DA8F2-1D91-446F-973F-52A938377E53}.Debug|Any CPU.ActiveCfg = Debug|Any CPU
		{385DA8F2-1D91-446F-973F-52A938377E53}.Debug|Any CPU.Build.0 = Debug|Any CPU
		{385DA8F2-1D91-446F-973F-52A938377E53}.Release|Any CPU.ActiveCfg = Release|Any CPU
		{385DA8F2-1D91-446F-973F-52A938377E53}.Release|Any CPU.Build.0 = Release|Any CPU
	EndGlobalSection
	GlobalSection(SolutionProperties) = preSolution
		HideSolutionNode = FALSE
	EndGlobalSection
	GlobalSection(ExtensibilityGlobals) = postSolution
		SolutionGuid = {52F6DE29-CFD3-4B18-88A1-B5DB86EB3A98}
	EndGlobalSection
EndGlobal
